
Microsoft Visual Studio Solution File, Format Version 11.00
# Visual Studio 2010
Project("{FAE04EC0-301F-11D3-BF4B-00C04F79EFBC}") = "GridLayout", "Layout\GridLayout.csproj", "{BA67B074-EC42-4B0C-9689-3FF444318F62}"
EndProject
Project("{FAE04EC0-301F-11D3-BF4B-00C04F79EFBC}") = "XamlAttribute", "XamlAttribute\XamlAttribute.csproj", "{BB57C783-FEFA-493A-A036-A0EDA74C5DAA}"
EndProject
Project("{FAE04EC0-301F-11D3-BF4B-00C04F79EFBC}") = "XNamespace", "XNamespace\XNamespace.csproj", "{343630F6-4D64-4AAA-8C90-364EA35787F2}"
EndProject
Project("{FAE04EC0-301F-11D3-BF4B-00C04F79EFBC}") = "StackLayout", "StackLayout\StackLayout.csproj", "{64F0F793-11C1-4476-8181-A42926CB35B1}"
EndProject
Project("{FAE04EC0-301F-11D3-BF4B-00C04F79EFBC}") = "GridSplitter", "GridSplitter\GridSplitter.csproj", "{01A848C8-B214-45D0-8669-90A0748955DF}"
EndProject
Project("{FAE04EC0-301F-11D3-BF4B-00C04F79EFBC}") = "Binding", "Binding\Binding.csproj", "{2029855C-71DE-4EFB-868A-2DDC4D3C0D20}"
EndProject
Project("{2150E333-8FDC-42A3-9474-1A3956D46DE8}") = "Template", "Template", "{F305A3A0-E37A-402F-9C2B-960211F60C03}"
EndProject
Project("{FAE04EC0-301F-11D3-BF4B-00C04F79EFBC}") = "ContentControlDataTemplate", "ContentControlDataTemplate\ContentControlDataTemplate.csproj", "{1FD693E9-DE25-4633-B497-B901A1477882}"
EndProject
Project("{FAE04EC0-301F-11D3-BF4B-00C04F79EFBC}") = "Commands", "Commands\Commands.csproj", "{EAF6D0D7-A4CF-4925-A857-028113C382C3}"
EndProject
Project("{2150E333-8FDC-42A3-9474-1A3956D46DE8}") = "Command", "Command", "{79E0CEA8-B84C-4918-9CFE-93C2234CFA2F}"
EndProject
Project("{FAE04EC0-301F-11D3-BF4B-00C04F79EFBC}") = "CommandParameter", "CommandParameter\CommandParameter.csproj", "{BA57F414-38B4-463E-88D0-1995A004B5E0}"
EndProject
Project("{2150E333-8FDC-42A3-9474-1A3956D46DE8}") = "Layouts", "Layouts", "{8C17452E-D362-463A-9813-6FC10F0440EE}"
EndProject
Project("{FAE04EC0-301F-11D3-BF4B-00C04F79EFBC}") = "DynamicGrid", "DynamicGrid\DynamicGrid.csproj", "{369B64CE-C8B8-442C-A49C-D230B53879D9}"
EndProject
Global
	GlobalSection(SolutionConfigurationPlatforms) = preSolution
		Debug|x86 = Debug|x86
		Release|x86 = Release|x86
	EndGlobalSection
	GlobalSection(ProjectConfigurationPlatforms) = postSolution
		{BA67B074-EC42-4B0C-9689-3FF444318F62}.Debug|x86.ActiveCfg = Debug|x86
		{BA67B074-EC42-4B0C-9689-3FF444318F62}.Debug|x86.Build.0 = Debug|x86
		{BA67B074-EC42-4B0C-9689-3FF444318F62}.Release|x86.ActiveCfg = Release|x86
		{BA67B074-EC42-4B0C-9689-3FF444318F62}.Release|x86.Build.0 = Release|x86
		{BB57C783-FEFA-493A-A036-A0EDA74C5DAA}.Debug|x86.ActiveCfg = Debug|x86
		{BB57C783-FEFA-493A-A036-A0EDA74C5DAA}.Debug|x86.Build.0 = Debug|x86
		{BB57C783-FEFA-493A-A036-A0EDA74C5DAA}.Release|x86.ActiveCfg = Release|x86
		{BB57C783-FEFA-493A-A036-A0EDA74C5DAA}.Release|x86.Build.0 = Release|x86
		{343630F6-4D64-4AAA-8C90-364EA35787F2}.Debug|x86.ActiveCfg = Debug|x86
		{343630F6-4D64-4AAA-8C90-364EA35787F2}.Debug|x86.Build.0 = Debug|x86
		{343630F6-4D64-4AAA-8C90-364EA35787F2}.Release|x86.ActiveCfg = Release|x86
		{343630F6-4D64-4AAA-8C90-364EA35787F2}.Release|x86.Build.0 = Release|x86
		{64F0F793-11C1-4476-8181-A42926CB35B1}.Debug|x86.ActiveCfg = Debug|x86
		{64F0F793-11C1-4476-8181-A42926CB35B1}.Debug|x86.Build.0 = Debug|x86
		{64F0F793-11C1-4476-8181-A42926CB35B1}.Release|x86.ActiveCfg = Release|x86
		{64F0F793-11C1-4476-8181-A42926CB35B1}.Release|x86.Build.0 = Release|x86
		{01A848C8-B214-45D0-8669-90A0748955DF}.Debug|x86.ActiveCfg = Debug|x86
		{01A848C8-B214-45D0-8669-90A0748955DF}.Debug|x86.Build.0 = Debug|x86
		{01A848C8-B214-45D0-8669-90A0748955DF}.Release|x86.ActiveCfg = Release|x86
		{01A848C8-B214-45D0-8669-90A0748955DF}.Release|x86.Build.0 = Release|x86
		{2029855C-71DE-4EFB-868A-2DDC4D3C0D20}.Debug|x86.ActiveCfg = Debug|x86
		{2029855C-71DE-4EFB-868A-2DDC4D3C0D20}.Debug|x86.Build.0 = Debug|x86
		{2029855C-71DE-4EFB-868A-2DDC4D3C0D20}.Release|x86.ActiveCfg = Release|x86
		{2029855C-71DE-4EFB-868A-2DDC4D3C0D20}.Release|x86.Build.0 = Release|x86
		{1FD693E9-DE25-4633-B497-B901A1477882}.Debug|x86.ActiveCfg = Debug|x86
		{1FD693E9-DE25-4633-B497-B901A1477882}.Debug|x86.Build.0 = Debug|x86
		{1FD693E9-DE25-4633-B497-B901A1477882}.Release|x86.ActiveCfg = Release|x86
		{1FD693E9-DE25-4633-B497-B901A1477882}.Release|x86.Build.0 = Release|x86
		{EAF6D0D7-A4CF-4925-A857-028113C382C3}.Debug|x86.ActiveCfg = Debug|x86
		{EAF6D0D7-A4CF-4925-A857-028113C382C3}.Debug|x86.Build.0 = Debug|x86
		{EAF6D0D7-A4CF-4925-A857-028113C382C3}.Release|x86.ActiveCfg = Release|x86
		{EAF6D0D7-A4CF-4925-A857-028113C382C3}.Release|x86.Build.0 = Release|x86
		{BA57F414-38B4-463E-88D0-1995A004B5E0}.Debug|x86.ActiveCfg = Debug|x86
		{BA57F414-38B4-463E-88D0-1995A004B5E0}.Debug|x86.Build.0 = Debug|x86
		{BA57F414-38B4-463E-88D0-1995A004B5E0}.Release|x86.ActiveCfg = Release|x86
		{BA57F414-38B4-463E-88D0-1995A004B5E0}.Release|x86.Build.0 = Release|x86
		{369B64CE-C8B8-442C-A49C-D230B53879D9}.Debug|x86.ActiveCfg = Debug|x86
		{369B64CE-C8B8-442C-A49C-D230B53879D9}.Debug|x86.Build.0 = Debug|x86
		{369B64CE-C8B8-442C-A49C-D230B53879D9}.Release|x86.ActiveCfg = Release|x86
		{369B64CE-C8B8-442C-A49C-D230B53879D9}.Release|x86.Build.0 = Release|x86
	EndGlobalSection
	GlobalSection(SolutionProperties) = preSolution
		HideSolutionNode = FALSE
	EndGlobalSection
	GlobalSection(NestedProjects) = preSolution
		{1FD693E9-DE25-4633-B497-B901A1477882} = {F305A3A0-E37A-402F-9C2B-960211F60C03}
		{EAF6D0D7-A4CF-4925-A857-028113C382C3} = {79E0CEA8-B84C-4918-9CFE-93C2234CFA2F}
		{BA57F414-38B4-463E-88D0-1995A004B5E0} = {79E0CEA8-B84C-4918-9CFE-93C2234CFA2F}
		{BA67B074-EC42-4B0C-9689-3FF444318F62} = {8C17452E-D362-463A-9813-6FC10F0440EE}
		{01A848C8-B214-45D0-8669-90A0748955DF} = {8C17452E-D362-463A-9813-6FC10F0440EE}
		{64F0F793-11C1-4476-8181-A42926CB35B1} = {8C17452E-D362-463A-9813-6FC10F0440EE}
		{369B64CE-C8B8-442C-A49C-D230B53879D9} = {8C17452E-D362-463A-9813-6FC10F0440EE}
	EndGlobalSection
EndGlobal
